// !$*UTF8*$!
{
	archiveVersion = 1;
	classes = {
	};
	objectVersion = 56;
	objects = {

/* Begin PBXBuildFile section */
		FA18BD3D2CDAA39A00F95F7E /* AppDelegate.swift in Sources */ = {isa = PBXBuildFile; fileRef = FA18BD3C2CDAA39A00F95F7E /* AppDelegate.swift */; };
		FA18BD462CDAA39A00F95F7E /* Assets.xcassets in Resources */ = {isa = PBXBuildFile; fileRef = FA18BD452CDAA39A00F95F7E /* Assets.xcassets */; };
		FA18BD492CDAA39A00F95F7E /* Base in Resources */ = {isa = PBXBuildFile; fileRef = FA18BD482CDAA39A00F95F7E /* Base */; };
		FA18BD562CDAA42700F95F7E /* Coordinator.swift in Sources */ = {isa = PBXBuildFile; fileRef = FA18BD552CDAA42700F95F7E /* Coordinator.swift */; };
		FA18BD592CDAA5A100F95F7E /* AppCoordinator.swift in Sources */ = {isa = PBXBuildFile; fileRef = FA18BD582CDAA5A100F95F7E /* AppCoordinator.swift */; };
		FA18BD5C2CDAA5EF00F95F7E /* AppFactory.swift in Sources */ = {isa = PBXBuildFile; fileRef = FA18BD5B2CDAA5EF00F95F7E /* AppFactory.swift */; };
		FA18BD612CDAAAF500F95F7E /* MainTabBarController.swift in Sources */ = {isa = PBXBuildFile; fileRef = FA18BD602CDAAAF500F95F7E /* MainTabBarController.swift */; };
		FA18BD632CDAAB5300F95F7E /* MainTabBarFactory.swift in Sources */ = {isa = PBXBuildFile; fileRef = FA18BD622CDAAB5300F95F7E /* MainTabBarFactory.swift */; };
		FA18BD652CDAAB7900F95F7E /* MainTabBarCoordinator.swift in Sources */ = {isa = PBXBuildFile; fileRef = FA18BD642CDAAB7900F95F7E /* MainTabBarCoordinator.swift */; };
/* End PBXBuildFile section */

/* Begin PBXFileReference section */
		FA18BD392CDAA39A00F95F7E /* BooksTrack.app */ = {isa = PBXFileReference; explicitFileType = wrapper.application; includeInIndex = 0; path = BooksTrack.app; sourceTree = BUILT_PRODUCTS_DIR; };
		FA18BD3C2CDAA39A00F95F7E /* AppDelegate.swift */ = {isa = PBXFileReference; lastKnownFileType = sourcecode.swift; path = AppDelegate.swift; sourceTree = "<group>"; };
		FA18BD452CDAA39A00F95F7E /* Assets.xcassets */ = {isa = PBXFileReference; lastKnownFileType = folder.assetcatalog; path = Assets.xcassets; sourceTree = "<group>"; };
		FA18BD482CDAA39A00F95F7E /* Base */ = {isa = PBXFileReference; lastKnownFileType = file.storyboard; name = Base; path = Base.lproj/LaunchScreen.storyboard; sourceTree = "<group>"; };
		FA18BD4A2CDAA39A00F95F7E /* Info.plist */ = {isa = PBXFileReference; lastKnownFileType = text.plist.xml; path = Info.plist; sourceTree = "<group>"; };
		FA18BD552CDAA42700F95F7E /* Coordinator.swift */ = {isa = PBXFileReference; lastKnownFileType = sourcecode.swift; path = Coordinator.swift; sourceTree = "<group>"; };
		FA18BD582CDAA5A100F95F7E /* AppCoordinator.swift */ = {isa = PBXFileReference; lastKnownFileType = sourcecode.swift; path = AppCoordinator.swift; sourceTree = "<group>"; };
		FA18BD5B2CDAA5EF00F95F7E /* AppFactory.swift */ = {isa = PBXFileReference; lastKnownFileType = sourcecode.swift; path = AppFactory.swift; sourceTree = "<group>"; };
		FA18BD602CDAAAF500F95F7E /* MainTabBarController.swift */ = {isa = PBXFileReference; lastKnownFileType = sourcecode.swift; path = MainTabBarController.swift; sourceTree = "<group>"; };
		FA18BD622CDAAB5300F95F7E /* MainTabBarFactory.swift */ = {isa = PBXFileReference; lastKnownFileType = sourcecode.swift; path = MainTabBarFactory.swift; sourceTree = "<group>"; };
		FA18BD642CDAAB7900F95F7E /* MainTabBarCoordinator.swift */ = {isa = PBXFileReference; lastKnownFileType = sourcecode.swift; path = MainTabBarCoordinator.swift; sourceTree = "<group>"; };
/* End PBXFileReference section */

/* Begin PBXFrameworksBuildPhase section */
		FA18BD362CDAA39A00F95F7E /* Frameworks */ = {
			isa = PBXFrameworksBuildPhase;
			buildActionMask = 2147483647;
			files = (
			);
			runOnlyForDeploymentPostprocessing = 0;
		};
/* End PBXFrameworksBuildPhase section */

/* Begin PBXGroup section */
		FA18BD302CDAA39A00F95F7E = {
			isa = PBXGroup;
			children = (
				FA18BD3B2CDAA39A00F95F7E /* BooksTrack */,
				FA18BD3A2CDAA39A00F95F7E /* Products */,
			);
			sourceTree = "<group>";
		};
		FA18BD3A2CDAA39A00F95F7E /* Products */ = {
			isa = PBXGroup;
			children = (
				FA18BD392CDAA39A00F95F7E /* BooksTrack.app */,
			);
			name = Products;
			sourceTree = "<group>";
		};
		FA18BD3B2CDAA39A00F95F7E /* BooksTrack */ = {
			isa = PBXGroup;
			children = (
				FA18BD522CDAA40200F95F7E /* Scenes */,
				FA18BD532CDAA41200F95F7E /* Composition */,
				FA18BD452CDAA39A00F95F7E /* Assets.xcassets */,
				FA18BD4A2CDAA39A00F95F7E /* Info.plist */,
			);
			path = BooksTrack;
			sourceTree = "<group>";
		};
		FA18BD502CDAA3E300F95F7E /* LifeCycle */ = {
			isa = PBXGroup;
			children = (
				FA18BD3C2CDAA39A00F95F7E /* AppDelegate.swift */,
			);
			path = LifeCycle;
			sourceTree = "<group>";
		};
		FA18BD512CDAA3F700F95F7E /* LaunchScreen */ = {
			isa = PBXGroup;
			children = (
				FA18BD472CDAA39A00F95F7E /* LaunchScreen.storyboard */,
			);
			path = LaunchScreen;
			sourceTree = "<group>";
		};
		FA18BD522CDAA40200F95F7E /* Scenes */ = {
			isa = PBXGroup;
			children = (
				FA18BD5D2CDAAADA00F95F7E /* MainTabBar */,
				FA18BD512CDAA3F700F95F7E /* LaunchScreen */,
			);
			path = Scenes;
			sourceTree = "<group>";
		};
		FA18BD532CDAA41200F95F7E /* Composition */ = {
			isa = PBXGroup;
			children = (
				FA18BD502CDAA3E300F95F7E /* LifeCycle */,
				FA18BD5A2CDAA5DC00F95F7E /* Factories */,
				FA18BD542CDAA41D00F95F7E /* Coordinator */,
			);
			path = Composition;
			sourceTree = "<group>";
		};
		FA18BD542CDAA41D00F95F7E /* Coordinator */ = {
			isa = PBXGroup;
			children = (
				FA18BD552CDAA42700F95F7E /* Coordinator.swift */,
				FA18BD572CDAA42A00F95F7E /* AppCoordinator */,
			);
			path = Coordinator;
			sourceTree = "<group>";
		};
		FA18BD572CDAA42A00F95F7E /* AppCoordinator */ = {
			isa = PBXGroup;
			children = (
				FA18BD582CDAA5A100F95F7E /* AppCoordinator.swift */,
			);
			path = AppCoordinator;
			sourceTree = "<group>";
		};
		FA18BD5A2CDAA5DC00F95F7E /* Factories */ = {
			isa = PBXGroup;
			children = (
				FA18BD5B2CDAA5EF00F95F7E /* AppFactory.swift */,
			);
			path = Factories;
			sourceTree = "<group>";
		};
		FA18BD5D2CDAAADA00F95F7E /* MainTabBar */ = {
			isa = PBXGroup;
			children = (
				FA18BD5E2CDAAAE100F95F7E /* Presentation */,
				FA18BD5F2CDAAAE700F95F7E /* Composition */,
			);
			path = MainTabBar;
			sourceTree = "<group>";
		};
		FA18BD5E2CDAAAE100F95F7E /* Presentation */ = {
			isa = PBXGroup;
			children = (
				FA18BD602CDAAAF500F95F7E /* MainTabBarController.swift */,
			);
			path = Presentation;
			sourceTree = "<group>";
		};
		FA18BD5F2CDAAAE700F95F7E /* Composition */ = {
			isa = PBXGroup;
			children = (
				FA18BD622CDAAB5300F95F7E /* MainTabBarFactory.swift */,
				FA18BD642CDAAB7900F95F7E /* MainTabBarCoordinator.swift */,
			);
			path = Composition;
			sourceTree = "<group>";
		};
/* End PBXGroup section */

/* Begin PBXNativeTarget section */
		FA18BD382CDAA39A00F95F7E /* BooksTrack */ = {
			isa = PBXNativeTarget;
			buildConfigurationList = FA18BD4D2CDAA39A00F95F7E /* Build configuration list for PBXNativeTarget "BooksTrack" */;
			buildPhases = (
				FA18BD352CDAA39A00F95F7E /* Sources */,
				FA18BD362CDAA39A00F95F7E /* Frameworks */,
				FA18BD372CDAA39A00F95F7E /* Resources */,
			);
			buildRules = (
			);
			dependencies = (
			);
			name = BooksTrack;
			productName = BooksTrack;
			productReference = FA18BD392CDAA39A00F95F7E /* BooksTrack.app */;
			productType = "com.apple.product-type.application";
		};
/* End PBXNativeTarget section */

/* Begin PBXProject section */
		FA18BD312CDAA39A00F95F7E /* Project object */ = {
			isa = PBXProject;
			attributes = {
				BuildIndependentTargetsInParallel = 1;
				LastSwiftUpdateCheck = 1540;
				LastUpgradeCheck = 1540;
				TargetAttributes = {
					FA18BD382CDAA39A00F95F7E = {
						CreatedOnToolsVersion = 15.4;
					};
				};
			};
			buildConfigurationList = FA18BD342CDAA39A00F95F7E /* Build configuration list for PBXProject "BooksTrack" */;
			compatibilityVersion = "Xcode 14.0";
			developmentRegion = en;
			hasScannedForEncodings = 0;
			knownRegions = (
				en,
				Base,
			);
			mainGroup = FA18BD302CDAA39A00F95F7E;
			productRefGroup = FA18BD3A2CDAA39A00F95F7E /* Products */;
			projectDirPath = "";
			projectRoot = "";
			targets = (
				FA18BD382CDAA39A00F95F7E /* BooksTrack */,
			);
		};
/* End PBXProject section */

/* Begin PBXResourcesBuildPhase section */
		FA18BD372CDAA39A00F95F7E /* Resources */ = {
			isa = PBXResourcesBuildPhase;
			buildActionMask = 2147483647;
			files = (
				FA18BD462CDAA39A00F95F7E /* Assets.xcassets in Resources */,
				FA18BD492CDAA39A00F95F7E /* Base in Resources */,
			);
			runOnlyForDeploymentPostprocessing = 0;
		};
/* End PBXResourcesBuildPhase section */

/* Begin PBXSourcesBuildPhase section */
		FA18BD352CDAA39A00F95F7E /* Sources */ = {
			isa = PBXSourcesBuildPhase;
			buildActionMask = 2147483647;
			files = (
				FA18BD5C2CDAA5EF00F95F7E /* AppFactory.swift in Sources */,
				FA18BD632CDAAB5300F95F7E /* MainTabBarFactory.swift in Sources */,
				FA18BD652CDAAB7900F95F7E /* MainTabBarCoordinator.swift in Sources */,
				FA18BD592CDAA5A100F95F7E /* AppCoordinator.swift in Sources */,
				FA18BD612CDAAAF500F95F7E /* MainTabBarController.swift in Sources */,
				FA18BD562CDAA42700F95F7E /* Coordinator.swift in Sources */,
				FA18BD3D2CDAA39A00F95F7E /* AppDelegate.swift in Sources */,
			);
			runOnlyForDeploymentPostprocessing = 0;
		};
/* End PBXSourcesBuildPhase section */

/* Begin PBXVariantGroup section */
		FA18BD472CDAA39A00F95F7E /* LaunchScreen.storyboard */ = {
			isa = PBXVariantGroup;
			children = (
				FA18BD482CDAA39A00F95F7E /* Base */,
			);
			name = LaunchScreen.storyboard;
			sourceTree = "<group>";
		};
/* End PBXVariantGroup section */

/* Begin XCBuildConfiguration section */
		FA18BD4B2CDAA39A00F95F7E /* Debug */ = {
			isa = XCBuildConfiguration;
			buildSettings = {
				ALWAYS_SEARCH_USER_PATHS = NO;
				ASSETCATALOG_COMPILER_GENERATE_SWIFT_ASSET_SYMBOL_EXTENSIONS = YES;
				CLANG_ANALYZER_NONNULL = YES;
				CLANG_ANALYZER_NUMBER_OBJECT_CONVERSION = YES_AGGRESSIVE;
				CLANG_CXX_LANGUAGE_STANDARD = "gnu++20";
				CLANG_ENABLE_MODULES = YES;
				CLANG_ENABLE_OBJC_ARC = YES;
				CLANG_ENABLE_OBJC_WEAK = YES;
				CLANG_WARN_BLOCK_CAPTURE_AUTORELEASING = YES;
				CLANG_WARN_BOOL_CONVERSION = YES;
				CLANG_WARN_COMMA = YES;
				CLANG_WARN_CONSTANT_CONVERSION = YES;
				CLANG_WARN_DEPRECATED_OBJC_IMPLEMENTATIONS = YES;
				CLANG_WARN_DIRECT_OBJC_ISA_USAGE = YES_ERROR;
				CLANG_WARN_DOCUMENTATION_COMMENTS = YES;
				CLANG_WARN_EMPTY_BODY = YES;
				CLANG_WARN_ENUM_CONVERSION = YES;
				CLANG_WARN_INFINITE_RECURSION = YES;
				CLANG_WARN_INT_CONVERSION = YES;
				CLANG_WARN_NON_LITERAL_NULL_CONVERSION = YES;
				CLANG_WARN_OBJC_IMPLICIT_RETAIN_SELF = YES;
				CLANG_WARN_OBJC_LITERAL_CONVERSION = YES;
				CLANG_WARN_OBJC_ROOT_CLASS = YES_ERROR;
				CLANG_WARN_QUOTED_INCLUDE_IN_FRAMEWORK_HEADER = YES;
				CLANG_WARN_RANGE_LOOP_ANALYSIS = YES;
				CLANG_WARN_STRICT_PROTOTYPES = YES;
				CLANG_WARN_SUSPICIOUS_MOVE = YES;
				CLANG_WARN_UNGUARDED_AVAILABILITY = YES_AGGRESSIVE;
				CLANG_WARN_UNREACHABLE_CODE = YES;
				CLANG_WARN__DUPLICATE_METHOD_MATCH = YES;
				COPY_PHASE_STRIP = NO;
				DEBUG_INFORMATION_FORMAT = dwarf;
				ENABLE_STRICT_OBJC_MSGSEND = YES;
				ENABLE_TESTABILITY = YES;
				ENABLE_USER_SCRIPT_SANDBOXING = YES;
				GCC_C_LANGUAGE_STANDARD = gnu17;
				GCC_DYNAMIC_NO_PIC = NO;
				GCC_NO_COMMON_BLOCKS = YES;
				GCC_OPTIMIZATION_LEVEL = 0;
				GCC_PREPROCESSOR_DEFINITIONS = (
					"DEBUG=1",
					"$(inherited)",
				);
				GCC_WARN_64_TO_32_BIT_CONVERSION = YES;
				GCC_WARN_ABOUT_RETURN_TYPE = YES_ERROR;
				GCC_WARN_UNDECLARED_SELECTOR = YES;
				GCC_WARN_UNINITIALIZED_AUTOS = YES_AGGRESSIVE;
				GCC_WARN_UNUSED_FUNCTION = YES;
				GCC_WARN_UNUSED_VARIABLE = YES;
				IPHONEOS_DEPLOYMENT_TARGET = 17.5;
				LOCALIZATION_PREFERS_STRING_CATALOGS = YES;
				MTL_ENABLE_DEBUG_INFO = INCLUDE_SOURCE;
				MTL_FAST_MATH = YES;
				ONLY_ACTIVE_ARCH = YES;
				SDKROOT = iphoneos;
				SWIFT_ACTIVE_COMPILATION_CONDITIONS = "DEBUG $(inherited)";
				SWIFT_OPTIMIZATION_LEVEL = "-Onone";
			};
			name = Debug;
		};
		FA18BD4C2CDAA39A00F95F7E /* Release */ = {
			isa = XCBuildConfiguration;
			buildSettings = {
				ALWAYS_SEARCH_USER_PATHS = NO;
				ASSETCATALOG_COMPILER_GENERATE_SWIFT_ASSET_SYMBOL_EXTENSIONS = YES;
				CLANG_ANALYZER_NONNULL = YES;
				CLANG_ANALYZER_NUMBER_OBJECT_CONVERSION = YES_AGGRESSIVE;
				CLANG_CXX_LANGUAGE_STANDARD = "gnu++20";
				CLANG_ENABLE_MODULES = YES;
				CLANG_ENABLE_OBJC_ARC = YES;
				CLANG_ENABLE_OBJC_WEAK = YES;
				CLANG_WARN_BLOCK_CAPTURE_AUTORELEASING = YES;
				CLANG_WARN_BOOL_CONVERSION = YES;
				CLANG_WARN_COMMA = YES;
				CLANG_WARN_CONSTANT_CONVERSION = YES;
				CLANG_WARN_DEPRECATED_OBJC_IMPLEMENTATIONS = YES;
				CLANG_WARN_DIRECT_OBJC_ISA_USAGE = YES_ERROR;
				CLANG_WARN_DOCUMENTATION_COMMENTS = YES;
				CLANG_WARN_EMPTY_BODY = YES;
				CLANG_WARN_ENUM_CONVERSION = YES;
				CLANG_WARN_INFINITE_RECURSION = YES;
				CLANG_WARN_INT_CONVERSION = YES;
				CLANG_WARN_NON_LITERAL_NULL_CONVERSION = YES;
				CLANG_WARN_OBJC_IMPLICIT_RETAIN_SELF = YES;
				CLANG_WARN_OBJC_LITERAL_CONVERSION = YES;
				CLANG_WARN_OBJC_ROOT_CLASS = YES_ERROR;
				CLANG_WARN_QUOTED_INCLUDE_IN_FRAMEWORK_HEADER = YES;
				CLANG_WARN_RANGE_LOOP_ANALYSIS = YES;
				CLANG_WARN_STRICT_PROTOTYPES = YES;
				CLANG_WARN_SUSPICIOUS_MOVE = YES;
				CLANG_WARN_UNGUARDED_AVAILABILITY = YES_AGGRESSIVE;
				CLANG_WARN_UNREACHABLE_CODE = YES;
				CLANG_WARN__DUPLICATE_METHOD_MATCH = YES;
				COPY_PHASE_STRIP = NO;
				DEBUG_INFORMATION_FORMAT = "dwarf-with-dsym";
				ENABLE_NS_ASSERTIONS = NO;
				ENABLE_STRICT_OBJC_MSGSEND = YES;
				ENABLE_USER_SCRIPT_SANDBOXING = YES;
				GCC_C_LANGUAGE_STANDARD = gnu17;
				GCC_NO_COMMON_BLOCKS = YES;
				GCC_WARN_64_TO_32_BIT_CONVERSION = YES;
				GCC_WARN_ABOUT_RETURN_TYPE = YES_ERROR;
				GCC_WARN_UNDECLARED_SELECTOR = YES;
				GCC_WARN_UNINITIALIZED_AUTOS = YES_AGGRESSIVE;
				GCC_WARN_UNUSED_FUNCTION = YES;
				GCC_WARN_UNUSED_VARIABLE = YES;
				IPHONEOS_DEPLOYMENT_TARGET = 17.5;
				LOCALIZATION_PREFERS_STRING_CATALOGS = YES;
				MTL_ENABLE_DEBUG_INFO = NO;
				MTL_FAST_MATH = YES;
				SDKROOT = iphoneos;
				SWIFT_COMPILATION_MODE = wholemodule;
				VALIDATE_PRODUCT = YES;
			};
			name = Release;
		};
		FA18BD4E2CDAA39A00F95F7E /* Debug */ = {
			isa = XCBuildConfiguration;
			buildSettings = {
				ASSETCATALOG_COMPILER_APPICON_NAME = AppIcon;
				ASSETCATALOG_COMPILER_GLOBAL_ACCENT_COLOR_NAME = AccentColor;
				CODE_SIGN_STYLE = Automatic;
				CURRENT_PROJECT_VERSION = 1;
				GENERATE_INFOPLIST_FILE = YES;
				INFOPLIST_FILE = BooksTrack/Info.plist;
				INFOPLIST_KEY_LSApplicationCategoryType = "public.app-category.books";
				INFOPLIST_KEY_UIApplicationSupportsIndirectInputEvents = YES;
				INFOPLIST_KEY_UILaunchStoryboardName = LaunchScreen;
				INFOPLIST_KEY_UISupportedInterfaceOrientations = UIInterfaceOrientationPortrait;
				INFOPLIST_KEY_UISupportedInterfaceOrientations_iPad = "UIInterfaceOrientationLandscapeLeft UIInterfaceOrientationLandscapeRight UIInterfaceOrientationPortrait UIInterfaceOrientationPortraitUpsideDown";
				IPHONEOS_DEPLOYMENT_TARGET = 15.0;
				LD_RUNPATH_SEARCH_PATHS = (
					"$(inherited)",
					"@executable_path/Frameworks",
				);
				MARKETING_VERSION = 1.0;
				PRODUCT_BUNDLE_IDENTIFIER = "-.BooksTrack";
				PRODUCT_NAME = "$(TARGET_NAME)";
				SUPPORTED_PLATFORMS = "iphoneos iphonesimulator";
				SUPPORTS_MACCATALYST = NO;
				SUPPORTS_MAC_DESIGNED_FOR_IPHONE_IPAD = NO;
				SUPPORTS_XR_DESIGNED_FOR_IPHONE_IPAD = NO;
				SWIFT_EMIT_LOC_STRINGS = YES;
				SWIFT_VERSION = 5.0;
				TARGETED_DEVICE_FAMILY = 1;
			};
			name = Debug;
		};
		FA18BD4F2CDAA39A00F95F7E /* Release */ = {
			isa = XCBuildConfiguration;
			buildSettings = {
				ASSETCATALOG_COMPILER_APPICON_NAME = AppIcon;
				ASSETCATALOG_COMPILER_GLOBAL_ACCENT_COLOR_NAME = AccentColor;
				CODE_SIGN_STYLE = Automatic;
				CURRENT_PROJECT_VERSION = 1;
				GENERATE_INFOPLIST_FILE = YES;
				INFOPLIST_FILE = BooksTrack/Info.plist;
				INFOPLIST_KEY_LSApplicationCategoryType = "public.app-category.books";
				INFOPLIST_KEY_UIApplicationSupportsIndirectInputEvents = YES;
				INFOPLIST_KEY_UILaunchStoryboardName = LaunchScreen;
				INFOPLIST_KEY_UISupportedInterfaceOrientations = UIInterfaceOrientationPortrait;
				INFOPLIST_KEY_UISupportedInterfaceOrientations_iPad = "UIInterfaceOrientationLandscapeLeft UIInterfaceOrientationLandscapeRight UIInterfaceOrientationPortrait UIInterfaceOrientationPortraitUpsideDown";
				IPHONEOS_DEPLOYMENT_TARGET = 15.0;
				LD_RUNPATH_SEARCH_PATHS = (
					"$(inherited)",
					"@executable_path/Frameworks",
				);
				MARKETING_VERSION = 1.0;
				PRODUCT_BUNDLE_IDENTIFIER = "-.BooksTrack";
				PRODUCT_NAME = "$(TARGET_NAME)";
				SUPPORTED_PLATFORMS = "iphoneos iphonesimulator";
				SUPPORTS_MACCATALYST = NO;
				SUPPORTS_MAC_DESIGNED_FOR_IPHONE_IPAD = NO;
				SUPPORTS_XR_DESIGNED_FOR_IPHONE_IPAD = NO;
				SWIFT_EMIT_LOC_STRINGS = YES;
				SWIFT_VERSION = 5.0;
				TARGETED_DEVICE_FAMILY = 1;
			};
			name = Release;
		};
/* End XCBuildConfiguration section */

/* Begin XCConfigurationList section */
		FA18BD342CDAA39A00F95F7E /* Build configuration list for PBXProject "BooksTrack" */ = {
			isa = XCConfigurationList;
			buildConfigurations = (
				FA18BD4B2CDAA39A00F95F7E /* Debug */,
				FA18BD4C2CDAA39A00F95F7E /* Release */,
			);
			defaultConfigurationIsVisible = 0;
			defaultConfigurationName = Release;
		};
		FA18BD4D2CDAA39A00F95F7E /* Build configuration list for PBXNativeTarget "BooksTrack" */ = {
			isa = XCConfigurationList;
			buildConfigurations = (
				FA18BD4E2CDAA39A00F95F7E /* Debug */,
				FA18BD4F2CDAA39A00F95F7E /* Release */,
			);
			defaultConfigurationIsVisible = 0;
			defaultConfigurationName = Release;
		};
/* End XCConfigurationList section */
	};
	rootObject = FA18BD312CDAA39A00F95F7E /* Project object */;
}
